
Microsoft Visual Studio Solution File, Format Version 12.00
# Visual Studio 15
Project("{FAE04EC0-301F-11D3-BF4B-00C04F79EFBC}") = "Events.API", "Events.API\Events.API.csproj", "{2A62E765-7196-430E-8EE6-1C7310C5F832}"
EndProject
Project("{FAE04EC0-301F-11D3-BF4B-00C04F79EFBC}") = "Events.Data", "Events.Data\Events.Data.csproj", "{1687402F-DE5B-4A48-9A8D-7FB66BF863EF}"
EndProject
Global
	GlobalSection(SolutionConfigurationPlatforms) = preSolution
		Debug|Any CPU = Debug|Any CPU
		Release|Any CPU = Release|Any CPU
	EndGlobalSection
	GlobalSection(ProjectConfigurationPlatforms) = postSolution
		{2A62E765-7196-430E-8EE6-1C7310C5F832}.Debug|Any CPU.ActiveCfg = Debug|Any CPU
		{2A62E765-7196-430E-8EE6-1C7310C5F832}.Debug|Any CPU.Build.0 = Debug|Any CPU
		{2A62E765-7196-430E-8EE6-1C7310C5F832}.Release|Any CPU.ActiveCfg = Release|Any CPU
		{2A62E765-7196-430E-8EE6-1C7310C5F832}.Release|Any CPU.Build.0 = Release|Any CPU
		{1687402F-DE5B-4A48-9A8D-7FB66BF863EF}.Debug|Any CPU.ActiveCfg = Debug|Any CPU
		{1687402F-DE5B-4A48-9A8D-7FB66BF863EF}.Debug|Any CPU.Build.0 = Debug|Any CPU
		{1687402F-DE5B-4A48-9A8D-7FB66BF863EF}.Release|Any CPU.ActiveCfg = Release|Any CPU
		{1687402F-DE5B-4A48-9A8D-7FB66BF863EF}.Release|Any CPU.Build.0 = Release|Any CPU
	EndGlobalSection
EndGlobal
